// !$*UTF8*$!
{
	archiveVersion = 1;
	classes = {
	};
	objectVersion = 46;
	objects = {

/* Begin PBXBuildFile section */
		91B1467C1DB2CE9E0078C7FF /* AppDelegate.swift in Sources */ = {isa = PBXBuildFile; fileRef = 91B1467B1DB2CE9E0078C7FF /* AppDelegate.swift */; };
		91B1467E1DB2CE9E0078C7FF /* ViewController.swift in Sources */ = {isa = PBXBuildFile; fileRef = 91B1467D1DB2CE9E0078C7FF /* ViewController.swift */; };
		91B146811DB2CE9E0078C7FF /* Main.storyboard in Resources */ = {isa = PBXBuildFile; fileRef = 91B1467F1DB2CE9E0078C7FF /* Main.storyboard */; };
		91B146831DB2CE9E0078C7FF /* Assets.xcassets in Resources */ = {isa = PBXBuildFile; fileRef = 91B146821DB2CE9E0078C7FF /* Assets.xcassets */; };
		91B146861DB2CE9E0078C7FF /* LaunchScreen.storyboard in Resources */ = {isa = PBXBuildFile; fileRef = 91B146841DB2CE9E0078C7FF /* LaunchScreen.storyboard */; };
/* End PBXBuildFile section */

/* Begin PBXFileReference section */
		91B146781DB2CE9E0078C7FF /* MyFirstGitHub_Project.app */ = {isa = PBXFileReference; explicitFileType = wrapper.application; includeInIndex = 0; path = MyFirstGitHub_Project.app; sourceTree = BUILT_PRODUCTS_DIR; };
		91B1467B1DB2CE9E0078C7FF /* AppDelegate.swift */ = {isa = PBXFileReference; lastKnownFileType = sourcecode.swift; path = AppDelegate.swift; sourceTree = "<group>"; };
		91B1467D1DB2CE9E0078C7FF /* ViewController.swift */ = {isa = PBXFileReference; lastKnownFileType = sourcecode.swift; path = ViewController.swift; sourceTree = "<group>"; };
		91B146801DB2CE9E0078C7FF /* Base */ = {isa = PBXFileReference; lastKnownFileType = file.storyboard; name = Base; path = Base.lproj/Main.storyboard; sourceTree = "<group>"; };
		91B146821DB2CE9E0078C7FF /* Assets.xcassets */ = {isa = PBXFileReference; lastKnownFileType = folder.assetcatalog; path = Assets.xcassets; sourceTree = "<group>"; };
		91B146851DB2CE9E0078C7FF /* Base */ = {isa = PBXFileReference; lastKnownFileType = file.storyboard; name = Base; path = Base.lproj/LaunchScreen.storyboard; sourceTree = "<group>"; };
		91B146871DB2CE9E0078C7FF /* Info.plist */ = {isa = PBXFileReference; lastKnownFileType = text.plist.xml; path = Info.plist; sourceTree = "<group>"; };
/* End PBXFileReference section */

/* Begin PBXFrameworksBuildPhase section */
		91B146751DB2CE9C0078C7FF /* Frameworks */ = {
			isa = PBXFrameworksBuildPhase;
			buildActionMask = 2147483647;
			files = (
			);
			runOnlyForDeploymentPostprocessing = 0;
		};
/* End PBXFrameworksBuildPhase section */

/* Begin PBXGroup section */
		91B1466F1DB2CE9C0078C7FF = {
			isa = PBXGroup;
			children = (
				91B1467A1DB2CE9E0078C7FF /* MyFirstGitHub_Project */,
				91B146791DB2CE9E0078C7FF /* Products */,
			);
			sourceTree = "<group>";
		};
		91B146791DB2CE9E0078C7FF /* Products */ = {
			isa = PBXGroup;
			children = (
				91B146781DB2CE9E0078C7FF /* MyFirstGitHub_Project.app */,
			);
			name = Products;
			sourceTree = "<group>";
		};
		91B1467A1DB2CE9E0078C7FF /* MyFirstGitHub_Project */ = {
			isa = PBXGroup;
			children = (
				91B1467B1DB2CE9E0078C7FF /* AppDelegate.swift */,
				91B1467D1DB2CE9E0078C7FF /* ViewController.swift */,
				91B1467F1DB2CE9E0078C7FF /* Main.storyboard */,
				91B146821DB2CE9E0078C7FF /* Assets.xcassets */,
				91B146841DB2CE9E0078C7FF /* LaunchScreen.storyboard */,
				91B146871DB2CE9E0078C7FF /* Info.plist */,
			);
			path = MyFirstGitHub_Project;
			sourceTree = "<group>";
		};
/* End PBXGroup section */

/* Begin PBXNativeTarget section */
		91B146771DB2CE9C0078C7FF /* MyFirstGitHub_Project */ = {
			isa = PBXNativeTarget;
			buildConfigurationList = 91B1468A1DB2CE9E0078C7FF /* Build configuration list for PBXNativeTarget "MyFirstGitHub_Project" */;
			buildPhases = (
				91B146741DB2CE9C0078C7FF /* Sources */,
				91B146751DB2CE9C0078C7FF /* Frameworks */,
				91B146761DB2CE9C0078C7FF /* Resources */,
			);
			buildRules = (
			);
			dependencies = (
			);
			name = MyFirstGitHub_Project;
			productName = MyFirstGitHub_Project;
			productReference = 91B146781DB2CE9E0078C7FF /* MyFirstGitHub_Project.app */;
			productType = "com.apple.product-type.application";
		};
/* End PBXNativeTarget section */

/* Begin PBXProject section */
		91B146701DB2CE9C0078C7FF /* Project object */ = {
			isa = PBXProject;
			attributes = {
				LastSwiftUpdateCheck = 0800;
				LastUpgradeCheck = 0800;
				ORGANIZATIONNAME = "Dave Stengel";
				TargetAttributes = {
					91B146771DB2CE9C0078C7FF = {
						CreatedOnToolsVersion = 8.0;
						ProvisioningStyle = Automatic;
					};
				};
			};
			buildConfigurationList = 91B146731DB2CE9C0078C7FF /* Build configuration list for PBXProject "MyFirstGitHub_Project" */;
			compatibilityVersion = "Xcode 3.2";
			developmentRegion = English;
			hasScannedForEncodings = 0;
			knownRegions = (
				en,
				Base,
			);
			mainGroup = 91B1466F1DB2CE9C0078C7FF;
			productRefGroup = 91B146791DB2CE9E0078C7FF /* Products */;
			projectDirPath = "";
			projectRoot = "";
			targets = (
				91B146771DB2CE9C0078C7FF /* MyFirstGitHub_Project */,
			);
		};
/* End PBXProject section */

/* Begin PBXResourcesBuildPhase section */
		91B146761DB2CE9C0078C7FF /* Resources */ = {
			isa = PBXResourcesBuildPhase;
			buildActionMask = 2147483647;
			files = (
				91B146861DB2CE9E0078C7FF /* LaunchScreen.storyboard in Resources */,
				91B146831DB2CE9E0078C7FF /* Assets.xcassets in Resources */,
				91B146811DB2CE9E0078C7FF /* Main.storyboard in Resources */,
			);
			runOnlyForDeploymentPostprocessing = 0;
		};
/* End PBXResourcesBuildPhase section */

/* Begin PBXSourcesBuildPhase section */
		91B146741DB2CE9C0078C7FF /* Sources */ = {
			isa = PBXSourcesBuildPhase;
			buildActionMask = 2147483647;
			files = (
				91B1467E1DB2CE9E0078C7FF /* ViewController.swift in Sources */,
				91B1467C1DB2CE9E0078C7FF /* AppDelegate.swift in Sources */,
			);
			runOnlyForDeploymentPostprocessing = 0;
		};
/* End PBXSourcesBuildPhase section */

/* Begin PBXVariantGroup section */
		91B1467F1DB2CE9E0078C7FF /* Main.storyboard */ = {
			isa = PBXVariantGroup;
			children = (
				91B146801DB2CE9E0078C7FF /* Base */,
			);
			name = Main.storyboard;
			sourceTree = "<group>";
		};
		91B146841DB2CE9E0078C7FF /* LaunchScreen.storyboard */ = {
			isa = PBXVariantGroup;
			children = (
				91B146851DB2CE9E0078C7FF /* Base */,
			);
			name = LaunchScreen.storyboard;
			sourceTree = "<group>";
		};
/* End PBXVariantGroup section */

/* Begin XCBuildConfiguration section */
		91B146881DB2CE9E0078C7FF /* Debug */ = {
			isa = XCBuildConfiguration;
			buildSettings = {
				ALWAYS_SEARCH_USER_PATHS = NO;
				CLANG_ANALYZER_NONNULL = YES;
				CLANG_CXX_LANGUAGE_STANDARD = "gnu++0x";
				CLANG_CXX_LIBRARY = "libc++";
				CLANG_ENABLE_MODULES = YES;
				CLANG_ENABLE_OBJC_ARC = YES;
				CLANG_WARN_BOOL_CONVERSION = YES;
				CLANG_WARN_CONSTANT_CONVERSION = YES;
				CLANG_WARN_DIRECT_OBJC_ISA_USAGE = YES_ERROR;
				CLANG_WARN_DOCUMENTATION_COMMENTS = YES;
				CLANG_WARN_EMPTY_BODY = YES;
				CLANG_WARN_ENUM_CONVERSION = YES;
				CLANG_WARN_INFINITE_RECURSION = YES;
				CLANG_WARN_INT_CONVERSION = YES;
				CLANG_WARN_OBJC_ROOT_CLASS = YES_ERROR;
				CLANG_WARN_SUSPICIOUS_MOVES = YES;
				CLANG_WARN_UNREACHABLE_CODE = YES;
				CLANG_WARN__DUPLICATE_METHOD_MATCH = YES;
				"CODE_SIGN_IDENTITY[sdk=iphoneos*]" = "iPhone Developer";
				COPY_PHASE_STRIP = NO;
				DEBUG_INFORMATION_FORMAT = dwarf;
				ENABLE_STRICT_OBJC_MSGSEND = YES;
				ENABLE_TESTABILITY = YES;
				GCC_C_LANGUAGE_STANDARD = gnu99;
				GCC_DYNAMIC_NO_PIC = NO;
				GCC_NO_COMMON_BLOCKS = YES;
				GCC_OPTIMIZATION_LEVEL = 0;
				GCC_PREPROCESSOR_DEFINITIONS = (
					"DEBUG=1",
					"$(inherited)",
				);
				GCC_WARN_64_TO_32_BIT_CONVERSION = YES;
				GCC_WARN_ABOUT_RETURN_TYPE = YES_ERROR;
				GCC_WARN_UNDECLARED_SELECTOR = YES;
				GCC_WARN_UNINITIALIZED_AUTOS = YES_AGGRESSIVE;
				GCC_WARN_UNUSED_FUNCTION = YES;
				GCC_WARN_UNUSED_VARIABLE = YES;
				IPHONEOS_DEPLOYMENT_TARGET = 10.0;
				MTL_ENABLE_DEBUG_INFO = YES;
				ONLY_ACTIVE_ARCH = YES;
				SDKROOT = iphoneos;
				SWIFT_ACTIVE_COMPILATION_CONDITIONS = DEBUG;
				SWIFT_OPTIMIZATION_LEVEL = "-Onone";
			};
			name = Debug;
		};
		91B146891DB2CE9E0078C7FF /* Release */ = {
			isa = XCBuildConfiguration;
			buildSettings = {
				ALWAYS_SEARCH_USER_PATHS = NO;
				CLANG_ANALYZER_NONNULL = YES;
				CLANG_CXX_LANGUAGE_STANDARD = "gnu++0x";
				CLANG_CXX_LIBRARY = "libc++";
				CLANG_ENABLE_MODULES = YES;
				CLANG_ENABLE_OBJC_ARC = YES;
				CLANG_WARN_BOOL_CONVERSION = YES;
				CLANG_WARN_CONSTANT_CONVERSION = YES;
				CLANG_WARN_DIRECT_OBJC_ISA_USAGE = YES_ERROR;
				CLANG_WARN_DOCUMENTATION_COMMENTS = YES;
				CLANG_WARN_EMPTY_BODY = YES;
				CLANG_WARN_ENUM_CONVERSION = YES;
				CLANG_WARN_INFINITE_RECURSION = YES;
				CLANG_WARN_INT_CONVERSION = YES;
				CLANG_WARN_OBJC_ROOT_CLASS = YES_ERROR;
				CLANG_WARN_SUSPICIOUS_MOVES = YES;
				CLANG_WARN_UNREACHABLE_CODE = YES;
				CLANG_WARN__DUPLICATE_METHOD_MATCH = YES;
				"CODE_SIGN_IDENTITY[sdk=iphoneos*]" = "iPhone Developer";
				COPY_PHASE_STRIP = NO;
				DEBUG_INFORMATION_FORMAT = "dwarf-with-dsym";
				ENABLE_NS_ASSERTIONS = NO;
				ENABLE_STRICT_OBJC_MSGSEND = YES;
				GCC_C_LANGUAGE_STANDARD = gnu99;
				GCC_NO_COMMON_BLOCKS = YES;
				GCC_WARN_64_TO_32_BIT_CONVERSION = YES;
				GCC_WARN_ABOUT_RETURN_TYPE = YES_ERROR;
				GCC_WARN_UNDECLARED_SELECTOR = YES;
				GCC_WARN_UNINITIALIZED_AUTOS = YES_AGGRESSIVE;
				GCC_WARN_UNUSED_FUNCTION = YES;
				GCC_WARN_UNUSED_VARIABLE = YES;
				IPHONEOS_DEPLOYMENT_TARGET = 10.0;
				MTL_ENABLE_DEBUG_INFO = NO;
				SDKROOT = iphoneos;
				SWIFT_OPTIMIZATION_LEVEL = "-Owholemodule";
				VALIDATE_PRODUCT = YES;
			};
			name = Release;
		};
		91B1468B1DB2CE9E0078C7FF /* Debug */ = {
			isa = XCBuildConfiguration;
			buildSettings = {
				ASSETCATALOG_COMPILER_APPICON_NAME = AppIcon;
				INFOPLIST_FILE = MyFirstGitHub_Project/Info.plist;
				LD_RUNPATH_SEARCH_PATHS = "$(inherited) @executable_path/Frameworks";
				PRODUCT_BUNDLE_IDENTIFIER = "net.redbasket.MyFirstGitHub-Project";
				PRODUCT_NAME = "$(TARGET_NAME)";
				SWIFT_VERSION = 3.0;
			};
			name = Debug;
		};
		91B1468C1DB2CE9E0078C7FF /* Release */ = {
			isa = XCBuildConfiguration;
			buildSettings = {
				ASSETCATALOG_COMPILER_APPICON_NAME = AppIcon;
				INFOPLIST_FILE = MyFirstGitHub_Project/Info.plist;
				LD_RUNPATH_SEARCH_PATHS = "$(inherited) @executable_path/Frameworks";
				PRODUCT_BUNDLE_IDENTIFIER = "net.redbasket.MyFirstGitHub-Project";
				PRODUCT_NAME = "$(TARGET_NAME)";
				SWIFT_VERSION = 3.0;
			};
			name = Release;
		};
/* End XCBuildConfiguration section */

/* Begin XCConfigurationList section */
		91B146731DB2CE9C0078C7FF /* Build configuration list for PBXProject "MyFirstGitHub_Project" */ = {
			isa = XCConfigurationList;
			buildConfigurations = (
				91B146881DB2CE9E0078C7FF /* Debug */,
				91B146891DB2CE9E0078C7FF /* Release */,
			);
			defaultConfigurationIsVisible = 0;
			defaultConfigurationName = Release;
		};
		91B1468A1DB2CE9E0078C7FF /* Build configuration list for PBXNativeTarget "MyFirstGitHub_Project" */ = {
			isa = XCConfigurationList;
			buildConfigurations = (
				91B1468B1DB2CE9E0078C7FF /* Debug */,
				91B1468C1DB2CE9E0078C7FF /* Release */,
			);
			defaultConfigurationIsVisible = 0;
		};
/* End XCConfigurationList section */
	};
	rootObject = 91B146701DB2CE9C0078C7FF /* Project object */;
}
